# This file is auto-generated by `zz`. DO NOT EDIT.
# Checksum: 4d78f4efdf77f640facc1c9c23d911e522d71c3e6af1a02c15c75e0547d688f5
version = 1
manifest_deps_hash = "3dca51a9b3d56f7d87fafd9601e430c67508756a92f56cdfebcfbb05c8331c0f"

[[deps]]
name = "table"
version = "*"
source = "path"
hash = "4844dc9c6653add45ed8169a7e26e37d0690b19b7128ebc6b5a6b49081923f58"
