# This file is auto-generated by `zz`. DO NOT EDIT.
# Checksum: 1534d53ba53eb0124f313e3e236a4512eb306fe9446713e521424f1f005a6eb3
version = 1
manifest_deps_hash = "3dca51a9b3d56f7d87fafd9601e430c67508756a92f56cdfebcfbb05c8331c0f"

[[deps]]
name = "table"
version = "*"
source = "path"
hash = "14ea2365f012868218296d1ddf9e7a7d2476ebabbd790f1ae8f0541cf1cedb4f"
